
Microsoft Visual Studio Solution File, Format Version 12.00
# Visual Studio 15
VisualStudioVersion = 15.0.28307.1500
MinimumVisualStudioVersion = 10.0.40219.1
Project("{FAE04EC0-301F-11D3-BF4B-00C04F79EFBC}") = "MvcProjeKampi", "MvcProjeKampi\MvcProjeKampi.csproj", "{D0E41301-88B2-4865-9798-7D1DD14A8B4D}"
EndProject
Project("{FAE04EC0-301F-11D3-BF4B-00C04F79EFBC}") = "Business", "Business\Business.csproj", "{04A88978-7B62-4C99-9C86-781BC0F6DA8B}"
EndProject
Project("{FAE04EC0-301F-11D3-BF4B-00C04F79EFBC}") = "Entity", "Entity\Entity.csproj", "{77A56077-7001-4066-BEC0-01189BBD468C}"
EndProject
Project("{FAE04EC0-301F-11D3-BF4B-00C04F79EFBC}") = "DataAccess", "DataAccess\DataAccess.csproj", "{04135951-B8EB-485E-B832-0D76F3DA94FA}"
EndProject
Global
	GlobalSection(SolutionConfigurationPlatforms) = preSolution
		Debug|Any CPU = Debug|Any CPU
		Release|Any CPU = Release|Any CPU
	EndGlobalSection
	GlobalSection(ProjectConfigurationPlatforms) = postSolution
		{D0E41301-88B2-4865-9798-7D1DD14A8B4D}.Debug|Any CPU.ActiveCfg = Debug|Any CPU
		{D0E41301-88B2-4865-9798-7D1DD14A8B4D}.Debug|Any CPU.Build.0 = Debug|Any CPU
		{D0E41301-88B2-4865-9798-7D1DD14A8B4D}.Release|Any CPU.ActiveCfg = Release|Any CPU
		{D0E41301-88B2-4865-9798-7D1DD14A8B4D}.Release|Any CPU.Build.0 = Release|Any CPU
		{04A88978-7B62-4C99-9C86-781BC0F6DA8B}.Debug|Any CPU.ActiveCfg = Debug|Any CPU
		{04A88978-7B62-4C99-9C86-781BC0F6DA8B}.Debug|Any CPU.Build.0 = Debug|Any CPU
		{04A88978-7B62-4C99-9C86-781BC0F6DA8B}.Release|Any CPU.ActiveCfg = Release|Any CPU
		{04A88978-7B62-4C99-9C86-781BC0F6DA8B}.Release|Any CPU.Build.0 = Release|Any CPU
		{77A56077-7001-4066-BEC0-01189BBD468C}.Debug|Any CPU.ActiveCfg = Debug|Any CPU
		{77A56077-7001-4066-BEC0-01189BBD468C}.Debug|Any CPU.Build.0 = Debug|Any CPU
		{77A56077-7001-4066-BEC0-01189BBD468C}.Release|Any CPU.ActiveCfg = Release|Any CPU
		{77A56077-7001-4066-BEC0-01189BBD468C}.Release|Any CPU.Build.0 = Release|Any CPU
		{04135951-B8EB-485E-B832-0D76F3DA94FA}.Debug|Any CPU.ActiveCfg = Debug|Any CPU
		{04135951-B8EB-485E-B832-0D76F3DA94FA}.Debug|Any CPU.Build.0 = Debug|Any CPU
		{04135951-B8EB-485E-B832-0D76F3DA94FA}.Release|Any CPU.ActiveCfg = Release|Any CPU
		{04135951-B8EB-485E-B832-0D76F3DA94FA}.Release|Any CPU.Build.0 = Release|Any CPU
	EndGlobalSection
	GlobalSection(SolutionProperties) = preSolution
		HideSolutionNode = FALSE
	EndGlobalSection
	GlobalSection(ExtensibilityGlobals) = postSolution
		SolutionGuid = {74333289-5444-4C77-9CEE-39EA9C675837}
	EndGlobalSection
EndGlobal
